
Microsoft Visual Studio Solution File, Format Version 12.00
# Visual Studio 2012
Project("{FAE04EC0-301F-11D3-BF4B-00C04F79EFBC}") = "kTP", "kTP\kTP.csproj", "{D131667B-9F27-4CF5-90A0-7D6B5E952C6E}"
EndProject
Global
	GlobalSection(SolutionConfigurationPlatforms) = preSolution
		Debug|Any CPU = Debug|Any CPU
		Release|Any CPU = Release|Any CPU
	EndGlobalSection
	GlobalSection(ProjectConfigurationPlatforms) = postSolution
		{D131667B-9F27-4CF5-90A0-7D6B5E952C6E}.Debug|Any CPU.ActiveCfg = Debug|Any CPU
		{D131667B-9F27-4CF5-90A0-7D6B5E952C6E}.Debug|Any CPU.Build.0 = Debug|Any CPU
		{D131667B-9F27-4CF5-90A0-7D6B5E952C6E}.Release|Any CPU.ActiveCfg = Release|Any CPU
		{D131667B-9F27-4CF5-90A0-7D6B5E952C6E}.Release|Any CPU.Build.0 = Release|Any CPU
	EndGlobalSection
	GlobalSection(SolutionProperties) = preSolution
		HideSolutionNode = FALSE
	EndGlobalSection
EndGlobal
